
Microsoft Visual Studio Solution File, Format Version 12.00
# Visual Studio 15
VisualStudioVersion = 15.0.28010.2016
MinimumVisualStudioVersion = 10.0.40219.1
Project("{FAE04EC0-301F-11D3-BF4B-00C04F79EFBC}") = "LearningWCF", "LearningWCF\LearningWCF.csproj", "{1C98E496-84FF-4DBA-8645-F91371F273F8}"
EndProject
Project("{FAE04EC0-301F-11D3-BF4B-00C04F79EFBC}") = "ClientApplication", "ClientApplication\ClientApplication.csproj", "{CC295A61-0BD9-4921-A738-7199BCCC5BFE}"
	ProjectSection(ProjectDependencies) = postProject
		{1C98E496-84FF-4DBA-8645-F91371F273F8} = {1C98E496-84FF-4DBA-8645-F91371F273F8}
	EndProjectSection
EndProject
Global
	GlobalSection(SolutionConfigurationPlatforms) = preSolution
		Debug|Any CPU = Debug|Any CPU
		Release|Any CPU = Release|Any CPU
	EndGlobalSection
	GlobalSection(ProjectConfigurationPlatforms) = postSolution
		{1C98E496-84FF-4DBA-8645-F91371F273F8}.Debug|Any CPU.ActiveCfg = Debug|Any CPU
		{1C98E496-84FF-4DBA-8645-F91371F273F8}.Debug|Any CPU.Build.0 = Debug|Any CPU
		{1C98E496-84FF-4DBA-8645-F91371F273F8}.Release|Any CPU.ActiveCfg = Release|Any CPU
		{1C98E496-84FF-4DBA-8645-F91371F273F8}.Release|Any CPU.Build.0 = Release|Any CPU
		{CC295A61-0BD9-4921-A738-7199BCCC5BFE}.Debug|Any CPU.ActiveCfg = Debug|Any CPU
		{CC295A61-0BD9-4921-A738-7199BCCC5BFE}.Debug|Any CPU.Build.0 = Debug|Any CPU
		{CC295A61-0BD9-4921-A738-7199BCCC5BFE}.Release|Any CPU.ActiveCfg = Release|Any CPU
		{CC295A61-0BD9-4921-A738-7199BCCC5BFE}.Release|Any CPU.Build.0 = Release|Any CPU
	EndGlobalSection
	GlobalSection(SolutionProperties) = preSolution
		HideSolutionNode = FALSE
	EndGlobalSection
	GlobalSection(ExtensibilityGlobals) = postSolution
		SolutionGuid = {BBEE6D02-25F9-49C1-8058-CD7DA212CEEA}
	EndGlobalSection
EndGlobal
